
Microsoft Visual Studio Solution File, Format Version 12.00
# Visual Studio Version 16
VisualStudioVersion = 16.0.30621.155
MinimumVisualStudioVersion = 10.0.40219.1
Project("{FAE04EC0-301F-11D3-BF4B-00C04F79EFBC}") = "FileStorage", "FileStorage.csproj", "{4B8D38D8-6781-4234-933A-7F3C4821B270}"
EndProject
Project("{FAE04EC0-301F-11D3-BF4B-00C04F79EFBC}") = "BLL", "..\BLL\BLL.csproj", "{8D5A7BE5-12AE-4E54-825D-6633096B1C37}"
EndProject
Project("{FAE04EC0-301F-11D3-BF4B-00C04F79EFBC}") = "DAL", "..\DAL\DAL.csproj", "{28B92BAC-F31C-4D34-A3B4-AE46BD243692}"
EndProject
Project("{FAE04EC0-301F-11D3-BF4B-00C04F79EFBC}") = "DAL.UnitTests", "..\DAL.UnitTests\DAL.UnitTests.csproj", "{FFFF9E05-DAB9-40DE-A7FB-6E3BFB4263FB}"
EndProject
Project("{FAE04EC0-301F-11D3-BF4B-00C04F79EFBC}") = "BLL.UnitTests", "..\BLL.Unittests\BLL.UnitTests.csproj", "{162E6A3F-4069-4C30-B7E3-9995F6ACFDC7}"
EndProject
Global
	GlobalSection(SolutionConfigurationPlatforms) = preSolution
		Debug|Any CPU = Debug|Any CPU
		Release|Any CPU = Release|Any CPU
	EndGlobalSection
	GlobalSection(ProjectConfigurationPlatforms) = postSolution
		{4B8D38D8-6781-4234-933A-7F3C4821B270}.Debug|Any CPU.ActiveCfg = Debug|Any CPU
		{4B8D38D8-6781-4234-933A-7F3C4821B270}.Debug|Any CPU.Build.0 = Debug|Any CPU
		{4B8D38D8-6781-4234-933A-7F3C4821B270}.Release|Any CPU.ActiveCfg = Release|Any CPU
		{4B8D38D8-6781-4234-933A-7F3C4821B270}.Release|Any CPU.Build.0 = Release|Any CPU
		{8D5A7BE5-12AE-4E54-825D-6633096B1C37}.Debug|Any CPU.ActiveCfg = Debug|Any CPU
		{8D5A7BE5-12AE-4E54-825D-6633096B1C37}.Debug|Any CPU.Build.0 = Debug|Any CPU
		{8D5A7BE5-12AE-4E54-825D-6633096B1C37}.Release|Any CPU.ActiveCfg = Release|Any CPU
		{8D5A7BE5-12AE-4E54-825D-6633096B1C37}.Release|Any CPU.Build.0 = Release|Any CPU
		{28B92BAC-F31C-4D34-A3B4-AE46BD243692}.Debug|Any CPU.ActiveCfg = Debug|Any CPU
		{28B92BAC-F31C-4D34-A3B4-AE46BD243692}.Debug|Any CPU.Build.0 = Debug|Any CPU
		{28B92BAC-F31C-4D34-A3B4-AE46BD243692}.Release|Any CPU.ActiveCfg = Release|Any CPU
		{28B92BAC-F31C-4D34-A3B4-AE46BD243692}.Release|Any CPU.Build.0 = Release|Any CPU
		{FFFF9E05-DAB9-40DE-A7FB-6E3BFB4263FB}.Debug|Any CPU.ActiveCfg = Debug|Any CPU
		{FFFF9E05-DAB9-40DE-A7FB-6E3BFB4263FB}.Debug|Any CPU.Build.0 = Debug|Any CPU
		{FFFF9E05-DAB9-40DE-A7FB-6E3BFB4263FB}.Release|Any CPU.ActiveCfg = Release|Any CPU
		{FFFF9E05-DAB9-40DE-A7FB-6E3BFB4263FB}.Release|Any CPU.Build.0 = Release|Any CPU
		{162E6A3F-4069-4C30-B7E3-9995F6ACFDC7}.Debug|Any CPU.ActiveCfg = Debug|Any CPU
		{162E6A3F-4069-4C30-B7E3-9995F6ACFDC7}.Debug|Any CPU.Build.0 = Debug|Any CPU
		{162E6A3F-4069-4C30-B7E3-9995F6ACFDC7}.Release|Any CPU.ActiveCfg = Release|Any CPU
		{162E6A3F-4069-4C30-B7E3-9995F6ACFDC7}.Release|Any CPU.Build.0 = Release|Any CPU
	EndGlobalSection
	GlobalSection(SolutionProperties) = preSolution
		HideSolutionNode = FALSE
	EndGlobalSection
	GlobalSection(ExtensibilityGlobals) = postSolution
		SolutionGuid = {79CB327E-F3A9-4CC5-A91F-4A12F7D407C7}
	EndGlobalSection
EndGlobal
